// !$*UTF8*$!
{
	archiveVersion = 1;
	classes = {
	};
	objectVersion = 46;
	objects = {
/* Begin PBXBuildFile section */
		00E356F31AD99517003FC87E /* influenceMeTests.m in Sources */ = {isa = PBXBuildFile; fileRef = 00E356F21AD99517003FC87E /* influenceMeTests.m */; };
		03A94213627B4ACF8A96C3AF /* FontAwesome5_Regular.ttf in Resources */ = {isa = PBXBuildFile; fileRef = A587E206027C4C3DB81D3CAD /* FontAwesome5_Regular.ttf */; };
		04B61D8B22EB275200189232 /* GoogleService-Info.plist in Resources */ = {isa = PBXBuildFile; fileRef = 04B61D8A22EB275200189232 /* GoogleService-Info.plist */; };
		13B07FBC1A68108700A75B9A /* AppDelegate.m in Sources */ = {isa = PBXBuildFile; fileRef = 13B07FB01A68108700A75B9A /* AppDelegate.m */; };
		13B07FBD1A68108700A75B9A /* LaunchScreen.xib in Resources */ = {isa = PBXBuildFile; fileRef = 13B07FB11A68108700A75B9A /* LaunchScreen.xib */; };
		13B07FBF1A68108700A75B9A /* Images.xcassets in Resources */ = {isa = PBXBuildFile; fileRef = 13B07FB51A68108700A75B9A /* Images.xcassets */; };
		13B07FC11A68108700A75B9A /* main.m in Sources */ = {isa = PBXBuildFile; fileRef = 13B07FB71A68108700A75B9A /* main.m */; };
		1BAE15E007A34CCE9FC0FDC9 /* FontAwesome5_Solid.ttf in Resources */ = {isa = PBXBuildFile; fileRef = 12DB57DE7C60466B925786C5 /* FontAwesome5_Solid.ttf */; };
		1F12B484568F4350979B8253 /* Esphimere Light Italic.otf in Resources */ = {isa = PBXBuildFile; fileRef = A3899EDF74BA4BBC8B2FFB7C /* Esphimere Light Italic.otf */; };
		1F251DBADC4B48ADB3984F87 /* Roboto-Light.woff2 in Resources */ = {isa = PBXBuildFile; fileRef = 4B430A1F52FA41D2863100A3 /* Roboto-Light.woff2 */; };
		2D02E4BC1E0B4A80006451C7 /* AppDelegate.m in Sources */ = {isa = PBXBuildFile; fileRef = 13B07FB01A68108700A75B9A /* AppDelegate.m */; };
		2D02E4BD1E0B4A84006451C7 /* Images.xcassets in Resources */ = {isa = PBXBuildFile; fileRef = 13B07FB51A68108700A75B9A /* Images.xcassets */; };
		2D02E4BF1E0B4AB3006451C7 /* main.m in Sources */ = {isa = PBXBuildFile; fileRef = 13B07FB71A68108700A75B9A /* main.m */; };
		2DCD954D1E0B4F2C00145EB5 /* influenceMeTests.m in Sources */ = {isa = PBXBuildFile; fileRef = 00E356F21AD99517003FC87E /* influenceMeTests.m */; };
		313B7397D72446D8A0A0C9EF /* Esphimere Bold Italic.otf in Resources */ = {isa = PBXBuildFile; fileRef = A04DDFF53A5A4110AFE7CDAE /* Esphimere Bold Italic.otf */; };
		3416F8F6E70B46A7A6CBC3B4 /* Esphimere Thin.otf in Resources */ = {isa = PBXBuildFile; fileRef = 4CF1C7A1DF9F4103B40EAFBF /* Esphimere Thin.otf */; };
		35895E3016F142A9A5D36F3B /* Roboto-Thin.woff in Resources */ = {isa = PBXBuildFile; fileRef = CE98CC5B5DAD4EAEA63904F0 /* Roboto-Thin.woff */; };
		364A1774FF26420CBB981EBE /* Roboto-Medium.woff in Resources */ = {isa = PBXBuildFile; fileRef = 49C19B1DFB4C42B5A685E2E6 /* Roboto-Medium.woff */; };
		3A2A56E595064CCFBBAF7C7F /* Entypo.ttf in Resources */ = {isa = PBXBuildFile; fileRef = AF1EE85B38A547029F957EB4 /* Entypo.ttf */; };
		4126C8AA44474FA0BA3F17A6 /* SimpleLineIcons.ttf in Resources */ = {isa = PBXBuildFile; fileRef = ED71F5B9535F417C878389AB /* SimpleLineIcons.ttf */; };
		46632E771EAE427AA2BB55B9 /* Roboto-Regular.woff in Resources */ = {isa = PBXBuildFile; fileRef = E319AC8B35E246EABCD3BBCE /* Roboto-Regular.woff */; };
		5DAD7501789940A7A43A43C9 /* Foundation.ttf in Resources */ = {isa = PBXBuildFile; fileRef = 8941438546D34DCEAC747FCC /* Foundation.ttf */; };
		72CE029DC5A8443EAD359DA3 /* Roboto-Bold.woff2 in Resources */ = {isa = PBXBuildFile; fileRef = 07DA79036525426AAC3723EA /* Roboto-Bold.woff2 */; };
		75D52FFBEB8842E1837131C8 /* MaterialIcons.ttf in Resources */ = {isa = PBXBuildFile; fileRef = 3BCD39107ACE4340A732EBAA /* MaterialIcons.ttf */; };
		8B0E7794EB614491B89E6329 /* Roboto-Light.woff in Resources */ = {isa = PBXBuildFile; fileRef = 86B5D04F8E564DE887917AD8 /* Roboto-Light.woff */; };
		9013988CC6DC4B54B67AB1FE /* FontAwesome5_Brands.ttf in Resources */ = {isa = PBXBuildFile; fileRef = EA2E7F20277C427EA610488A /* FontAwesome5_Brands.ttf */; };
		91059D27C5B04C73BC71C1BD /* MaterialCommunityIcons.ttf in Resources */ = {isa = PBXBuildFile; fileRef = 132AE3AC250E4F8E88D4BA2B /* MaterialCommunityIcons.ttf */; };
		97FFB63FDAA74DBD949D486E /* Octicons.ttf in Resources */ = {isa = PBXBuildFile; fileRef = 928F5DD23F3641FB94BEDFE4 /* Octicons.ttf */; };
		9E1665750BB7B6B72329F639 /* libPods-influenceMe-tvOSTests.a in Frameworks */ = {isa = PBXBuildFile; fileRef = 0C85CEDC41D8D636171D8CBB /* libPods-influenceMe-tvOSTests.a */; };
		9EA57DEBBF6F45DC89900FF0 /* Esphimere Semi Bold Italic.otf in Resources */ = {isa = PBXBuildFile; fileRef = CF21DB8E7D6545F5BAD7953B /* Esphimere Semi Bold Italic.otf */; };
		A33D3A4349314272A8D531E4 /* Zocial.ttf in Resources */ = {isa = PBXBuildFile; fileRef = 95A5531ED64847A1A318D9DA /* Zocial.ttf */; };
		A7F8F62363C242B09E3CFCB6 /* Esphimere_Bold.otf in Resources */ = {isa = PBXBuildFile; fileRef = 59325233400542E2BB4B3208 /* Esphimere_Bold.otf */; };
		AD70A33E8B234499820CAA27 /* Esphimere Extra Light.otf in Resources */ = {isa = PBXBuildFile; fileRef = ABBB69D938C54532A839B020 /* Esphimere Extra Light.otf */; };
		B7387002C0684427BA813659 /* Esphimere_Semi_Bold.otf in Resources */ = {isa = PBXBuildFile; fileRef = FA62CE9CA7C841AF8CAD25A1 /* Esphimere_Semi_Bold.otf */; };
		B96A191267D5442D8B40EE5A /* AntDesign.ttf in Resources */ = {isa = PBXBuildFile; fileRef = 0176086F73A444DD9586E812 /* AntDesign.ttf */; };
		BA69C190D5234AE9B6EDC41A /* Esphimere.otf in Resources */ = {isa = PBXBuildFile; fileRef = B0F77968CA54494CB9F58132 /* Esphimere.otf */; };
		BB6588C2065C45CDB3155F59 /* FontAwesome.ttf in Resources */ = {isa = PBXBuildFile; fileRef = 03CE134BD331441093AEC916 /* FontAwesome.ttf */; };
		BC8E96039BEFA42F7ED45963 /* libPods-influenceMe.a in Frameworks */ = {isa = PBXBuildFile; fileRef = DD6A7963D38A7C6BE4CE8A31 /* libPods-influenceMe.a */; };
		BD54FAB2471D444D8831D029 /* EvilIcons.ttf in Resources */ = {isa = PBXBuildFile; fileRef = 7C9512B415604CCBBB211642 /* EvilIcons.ttf */; };
		C5E75D27703E43FC83F68534 /* Esphimere_Light.otf in Resources */ = {isa = PBXBuildFile; fileRef = 368707E332BF4708A33B35F0 /* Esphimere_Light.otf */; };
		C607E6B5E4314CD99D5176D9 /* Esphimere Thin Italic.otf in Resources */ = {isa = PBXBuildFile; fileRef = 17CBBD88BB064DC494B457F5 /* Esphimere Thin Italic.otf */; };
		CB2C9E0E8BAA47D194FFBF63 /* Esphimere Extra Light Italic.otf in Resources */ = {isa = PBXBuildFile; fileRef = 2AE50B18EDEE4214A9AD5265 /* Esphimere Extra Light Italic.otf */; };
		CC179C7131D04DA695D09255 /* Roboto-Bold.woff in Resources */ = {isa = PBXBuildFile; fileRef = 319C465BB03D4CDA9904DB13 /* Roboto-Bold.woff */; };
		CC83D8DAED05470AB2789BEC /* Esphimere Italic.otf in Resources */ = {isa = PBXBuildFile; fileRef = 73073E53549B4E27897FBAC0 /* Esphimere Italic.otf */; };
		D16EC795ECDB3195A1C54943 /* libPods-influenceMe-tvOS.a in Frameworks */ = {isa = PBXBuildFile; fileRef = 9F938567EB0480CE167DA81B /* libPods-influenceMe-tvOS.a */; };
		D5754597CE734A8ABCAF78B4 /* Fontisto.ttf in Resources */ = {isa = PBXBuildFile; fileRef = B4BB417D2EF14974B44A3A9E /* Fontisto.ttf */; };
		E03EE5B158724BB89E4A5C40 /* Feather.ttf in Resources */ = {isa = PBXBuildFile; fileRef = 95B25A8314A245A5B5F4D033 /* Feather.ttf */; };
		E078248000E84CB4BBEAA394 /* Roboto-Medium.woff2 in Resources */ = {isa = PBXBuildFile; fileRef = 2F0E1462788A4D1287F9B56A /* Roboto-Medium.woff2 */; };
		E7B7572B73114B868E7842FD /* Roboto-Regular.woff2 in Resources */ = {isa = PBXBuildFile; fileRef = E38D68CD852E487E98B2C7E3 /* Roboto-Regular.woff2 */; };
		F9968A5D557C4A5290D992AA /* Ionicons.ttf in Resources */ = {isa = PBXBuildFile; fileRef = 44E566D63ABA415E87DA0650 /* Ionicons.ttf */; };
		FA197BF5A9E933505110CD36 /* libPods-influenceMeTests.a in Frameworks */ = {isa = PBXBuildFile; fileRef = 8098908CE1395EFA75D5491A /* libPods-influenceMeTests.a */; };
		FC7A763EA49C4C7EBC6B4981 /* Roboto-Thin.woff2 in Resources */ = {isa = PBXBuildFile; fileRef = 4D73BE208C2E4410A3A2E76C /* Roboto-Thin.woff2 */; };
		527EEA8D421D492D9E8E4A37 /* Esphimere-Bold.otf in Resources */ = {isa = PBXBuildFile; fileRef = 89C6D815AF764574847C27B8 /* Esphimere-Bold.otf */; };
		7B24E35E100F4289BA4CC861 /* Esphimere-BoldItalic.otf in Resources */ = {isa = PBXBuildFile; fileRef = AD73EE4B36A64682AD960DE1 /* Esphimere-BoldItalic.otf */; };
		DFDF409B9E574B3696E71C25 /* Esphimere-ExtraLight.otf in Resources */ = {isa = PBXBuildFile; fileRef = 7FFE994DB768443FBF83155A /* Esphimere-ExtraLight.otf */; };
		9953EC34DE35409FBD908AA7 /* Esphimere-ExtraLightItalic.otf in Resources */ = {isa = PBXBuildFile; fileRef = DCB33B8F52CA4F26B63D900F /* Esphimere-ExtraLightItalic.otf */; };
		C52FAB981E034BB5AA53E832 /* Esphimere-Italic.otf in Resources */ = {isa = PBXBuildFile; fileRef = B0C4FB2A112844A0B65CE89C /* Esphimere-Italic.otf */; };
		D88E7E32A88C447F9AA4CBA1 /* Esphimere-Light.otf in Resources */ = {isa = PBXBuildFile; fileRef = 1CC3F460EB854D71A23D870C /* Esphimere-Light.otf */; };
		7B8C886D2B32470CAAB10894 /* Esphimere-LightItalic.otf in Resources */ = {isa = PBXBuildFile; fileRef = 5283FA0B6AA349B2A69609E9 /* Esphimere-LightItalic.otf */; };
		28C6979DDD4B4334ADC77955 /* Esphimere-SemiBold.otf in Resources */ = {isa = PBXBuildFile; fileRef = B01C764F851244C0887E959D /* Esphimere-SemiBold.otf */; };
		82240547AF3746AAADE15737 /* Esphimere-SemiBoldItalic.otf in Resources */ = {isa = PBXBuildFile; fileRef = 07D76BBB937D4A0389565820 /* Esphimere-SemiBoldItalic.otf */; };
		B4B48616196A4FA3ABFD897F /* Esphimere-Thin.otf in Resources */ = {isa = PBXBuildFile; fileRef = E0C37A32D07C421C86B868C7 /* Esphimere-Thin.otf */; };
		8D384E8A02BF4ACD8010FE1F /* Esphimere-ThinItalic.otf in Resources */ = {isa = PBXBuildFile; fileRef = D21E174B6F7943B7832D3121 /* Esphimere-ThinItalic.otf */; };
/* End PBXBuildFile section */

/* Begin PBXContainerItemProxy section */
		00E356F41AD99517003FC87E /* PBXContainerItemProxy */ = {
			isa = PBXContainerItemProxy;
			containerPortal = 83CBB9F71A601CBA00E9B192 /* Project object */;
			proxyType = 1;
			remoteGlobalIDString = 13B07F861A680F5B00A75B9A;
			remoteInfo = influenceMe;
		};
		2D02E4911E0B4A5D006451C7 /* PBXContainerItemProxy */ = {
			isa = PBXContainerItemProxy;
			containerPortal = 83CBB9F71A601CBA00E9B192 /* Project object */;
			proxyType = 1;
			remoteGlobalIDString = 2D02E47A1E0B4A5D006451C7;
			remoteInfo = "influenceMe-tvOS";
		};
/* End PBXContainerItemProxy section */

/* Begin PBXFileReference section */
		008F07F21AC5B25A0029DE68 /* main.jsbundle */ = {isa = PBXFileReference; fileEncoding = 4; lastKnownFileType = text; path = main.jsbundle; sourceTree = "<group>"; };
		00E356EE1AD99517003FC87E /* influenceMeTests.xctest */ = {isa = PBXFileReference; explicitFileType = wrapper.cfbundle; includeInIndex = 0; path = influenceMeTests.xctest; sourceTree = BUILT_PRODUCTS_DIR; };
		00E356F11AD99517003FC87E /* Info.plist */ = {isa = PBXFileReference; lastKnownFileType = text.plist.xml; path = Info.plist; sourceTree = "<group>"; };
		00E356F21AD99517003FC87E /* influenceMeTests.m */ = {isa = PBXFileReference; lastKnownFileType = sourcecode.c.objc; path = influenceMeTests.m; sourceTree = "<group>"; };
		0176086F73A444DD9586E812 /* AntDesign.ttf */ = {isa = PBXFileReference; explicitFileType = undefined; fileEncoding = 9; includeInIndex = 0; lastKnownFileType = unknown; name = AntDesign.ttf; path = "../node_modules/react-native-vector-icons/Fonts/AntDesign.ttf"; sourceTree = "<group>"; };
		0185E5DA975DE79311B88550 /* Pods-influenceMe-tvOSTests.debug.xcconfig */ = {isa = PBXFileReference; includeInIndex = 1; lastKnownFileType = text.xcconfig; name = "Pods-influenceMe-tvOSTests.debug.xcconfig"; path = "Target Support Files/Pods-influenceMe-tvOSTests/Pods-influenceMe-tvOSTests.debug.xcconfig"; sourceTree = "<group>"; };
		01F4B663A6387BBF05C9FAD9 /* Pods-influenceMeTests.debug.xcconfig */ = {isa = PBXFileReference; includeInIndex = 1; lastKnownFileType = text.xcconfig; name = "Pods-influenceMeTests.debug.xcconfig"; path = "Target Support Files/Pods-influenceMeTests/Pods-influenceMeTests.debug.xcconfig"; sourceTree = "<group>"; };
		03CE134BD331441093AEC916 /* FontAwesome.ttf */ = {isa = PBXFileReference; explicitFileType = undefined; fileEncoding = 9; includeInIndex = 0; lastKnownFileType = unknown; name = FontAwesome.ttf; path = "../node_modules/react-native-vector-icons/Fonts/FontAwesome.ttf"; sourceTree = "<group>"; };
		04B61D8A22EB275200189232 /* GoogleService-Info.plist */ = {isa = PBXFileReference; fileEncoding = 4; lastKnownFileType = text.plist.xml; name = "GoogleService-Info.plist"; path = "../../Downloads/GoogleService-Info.plist"; sourceTree = "<group>"; };
		07DA79036525426AAC3723EA /* Roboto-Bold.woff2 */ = {isa = PBXFileReference; explicitFileType = undefined; fileEncoding = 9; includeInIndex = 0; lastKnownFileType = unknown; name = "Roboto-Bold.woff2"; path = "../src/assets/fonts/Roboto-Bold.woff2"; sourceTree = "<group>"; };
		0C85CEDC41D8D636171D8CBB /* libPods-influenceMe-tvOSTests.a */ = {isa = PBXFileReference; explicitFileType = archive.ar; includeInIndex = 0; path = "libPods-influenceMe-tvOSTests.a"; sourceTree = BUILT_PRODUCTS_DIR; };
		12DB57DE7C60466B925786C5 /* FontAwesome5_Solid.ttf */ = {isa = PBXFileReference; explicitFileType = undefined; fileEncoding = 9; includeInIndex = 0; lastKnownFileType = unknown; name = FontAwesome5_Solid.ttf; path = "../node_modules/react-native-vector-icons/Fonts/FontAwesome5_Solid.ttf"; sourceTree = "<group>"; };
		132AE3AC250E4F8E88D4BA2B /* MaterialCommunityIcons.ttf */ = {isa = PBXFileReference; explicitFileType = undefined; fileEncoding = 9; includeInIndex = 0; lastKnownFileType = unknown; name = MaterialCommunityIcons.ttf; path = "../node_modules/react-native-vector-icons/Fonts/MaterialCommunityIcons.ttf"; sourceTree = "<group>"; };
		13B07F961A680F5B00A75B9A /* influenceMe.app */ = {isa = PBXFileReference; explicitFileType = wrapper.application; includeInIndex = 0; path = influenceMe.app; sourceTree = BUILT_PRODUCTS_DIR; };
		13B07FAF1A68108700A75B9A /* AppDelegate.h */ = {isa = PBXFileReference; fileEncoding = 4; lastKnownFileType = sourcecode.c.h; name = AppDelegate.h; path = influenceMe/AppDelegate.h; sourceTree = "<group>"; };
		13B07FB01A68108700A75B9A /* AppDelegate.m */ = {isa = PBXFileReference; fileEncoding = 4; lastKnownFileType = sourcecode.c.objc; name = AppDelegate.m; path = influenceMe/AppDelegate.m; sourceTree = "<group>"; };
		13B07FB21A68108700A75B9A /* Base */ = {isa = PBXFileReference; lastKnownFileType = file.xib; name = Base; path = Base.lproj/LaunchScreen.xib; sourceTree = "<group>"; };
		13B07FB51A68108700A75B9A /* Images.xcassets */ = {isa = PBXFileReference; lastKnownFileType = folder.assetcatalog; name = Images.xcassets; path = influenceMe/Images.xcassets; sourceTree = "<group>"; };
		13B07FB61A68108700A75B9A /* Info.plist */ = {isa = PBXFileReference; fileEncoding = 4; lastKnownFileType = text.plist.xml; name = Info.plist; path = influenceMe/Info.plist; sourceTree = "<group>"; };
		13B07FB71A68108700A75B9A /* main.m */ = {isa = PBXFileReference; fileEncoding = 4; lastKnownFileType = sourcecode.c.objc; name = main.m; path = influenceMe/main.m; sourceTree = "<group>"; };
		17CBBD88BB064DC494B457F5 /* Esphimere Thin Italic.otf */ = {isa = PBXFileReference; explicitFileType = undefined; fileEncoding = 9; includeInIndex = 0; lastKnownFileType = unknown; name = "Esphimere Thin Italic.otf"; path = "../src/assets/fonts/Esphimere Thin Italic.otf"; sourceTree = "<group>"; };
		2AE50B18EDEE4214A9AD5265 /* Esphimere Extra Light Italic.otf */ = {isa = PBXFileReference; explicitFileType = undefined; fileEncoding = 9; includeInIndex = 0; lastKnownFileType = unknown; name = "Esphimere Extra Light Italic.otf"; path = "../src/assets/fonts/Esphimere Extra Light Italic.otf"; sourceTree = "<group>"; };
		2D02E47B1E0B4A5D006451C7 /* influenceMe-tvOS.app */ = {isa = PBXFileReference; explicitFileType = wrapper.application; includeInIndex = 0; path = "influenceMe-tvOS.app"; sourceTree = BUILT_PRODUCTS_DIR; };
		2D02E4901E0B4A5D006451C7 /* influenceMe-tvOSTests.xctest */ = {isa = PBXFileReference; explicitFileType = wrapper.cfbundle; includeInIndex = 0; path = "influenceMe-tvOSTests.xctest"; sourceTree = BUILT_PRODUCTS_DIR; };
		2F0E1462788A4D1287F9B56A /* Roboto-Medium.woff2 */ = {isa = PBXFileReference; explicitFileType = undefined; fileEncoding = 9; includeInIndex = 0; lastKnownFileType = unknown; name = "Roboto-Medium.woff2"; path = "../src/assets/fonts/Roboto-Medium.woff2"; sourceTree = "<group>"; };
		319C465BB03D4CDA9904DB13 /* Roboto-Bold.woff */ = {isa = PBXFileReference; explicitFileType = undefined; fileEncoding = 9; includeInIndex = 0; lastKnownFileType = unknown; name = "Roboto-Bold.woff"; path = "../src/assets/fonts/Roboto-Bold.woff"; sourceTree = "<group>"; };
		368707E332BF4708A33B35F0 /* Esphimere_Light.otf */ = {isa = PBXFileReference; explicitFileType = undefined; fileEncoding = 9; includeInIndex = 0; lastKnownFileType = unknown; name = Esphimere_Light.otf; path = ../src/assets/fonts/Esphimere_Light.otf; sourceTree = "<group>"; };
		3BCD39107ACE4340A732EBAA /* MaterialIcons.ttf */ = {isa = PBXFileReference; explicitFileType = undefined; fileEncoding = 9; includeInIndex = 0; lastKnownFileType = unknown; name = MaterialIcons.ttf; path = "../node_modules/react-native-vector-icons/Fonts/MaterialIcons.ttf"; sourceTree = "<group>"; };
		44E566D63ABA415E87DA0650 /* Ionicons.ttf */ = {isa = PBXFileReference; explicitFileType = undefined; fileEncoding = 9; includeInIndex = 0; lastKnownFileType = unknown; name = Ionicons.ttf; path = "../node_modules/react-native-vector-icons/Fonts/Ionicons.ttf"; sourceTree = "<group>"; };
		49C19B1DFB4C42B5A685E2E6 /* Roboto-Medium.woff */ = {isa = PBXFileReference; explicitFileType = undefined; fileEncoding = 9; includeInIndex = 0; lastKnownFileType = unknown; name = "Roboto-Medium.woff"; path = "../src/assets/fonts/Roboto-Medium.woff"; sourceTree = "<group>"; };
		4B430A1F52FA41D2863100A3 /* Roboto-Light.woff2 */ = {isa = PBXFileReference; explicitFileType = undefined; fileEncoding = 9; includeInIndex = 0; lastKnownFileType = unknown; name = "Roboto-Light.woff2"; path = "../src/assets/fonts/Roboto-Light.woff2"; sourceTree = "<group>"; };
		4CF1C7A1DF9F4103B40EAFBF /* Esphimere Thin.otf */ = {isa = PBXFileReference; explicitFileType = undefined; fileEncoding = 9; includeInIndex = 0; lastKnownFileType = unknown; name = "Esphimere Thin.otf"; path = "../src/assets/fonts/Esphimere Thin.otf"; sourceTree = "<group>"; };
		4D73BE208C2E4410A3A2E76C /* Roboto-Thin.woff2 */ = {isa = PBXFileReference; explicitFileType = undefined; fileEncoding = 9; includeInIndex = 0; lastKnownFileType = unknown; name = "Roboto-Thin.woff2"; path = "../src/assets/fonts/Roboto-Thin.woff2"; sourceTree = "<group>"; };
		4D9EAE8E1915F1EE15D19F4D /* Pods-influenceMe-tvOS.debug.xcconfig */ = {isa = PBXFileReference; includeInIndex = 1; lastKnownFileType = text.xcconfig; name = "Pods-influenceMe-tvOS.debug.xcconfig"; path = "Target Support Files/Pods-influenceMe-tvOS/Pods-influenceMe-tvOS.debug.xcconfig"; sourceTree = "<group>"; };
		59325233400542E2BB4B3208 /* Esphimere_Bold.otf */ = {isa = PBXFileReference; explicitFileType = undefined; fileEncoding = 9; includeInIndex = 0; lastKnownFileType = unknown; name = Esphimere_Bold.otf; path = ../src/assets/fonts/Esphimere_Bold.otf; sourceTree = "<group>"; };
		5A69D6951031F572956D9FF1 /* Pods-influenceMeTests.release.xcconfig */ = {isa = PBXFileReference; includeInIndex = 1; lastKnownFileType = text.xcconfig; name = "Pods-influenceMeTests.release.xcconfig"; path = "Target Support Files/Pods-influenceMeTests/Pods-influenceMeTests.release.xcconfig"; sourceTree = "<group>"; };
		73073E53549B4E27897FBAC0 /* Esphimere Italic.otf */ = {isa = PBXFileReference; explicitFileType = undefined; fileEncoding = 9; includeInIndex = 0; lastKnownFileType = unknown; name = "Esphimere Italic.otf"; path = "../src/assets/fonts/Esphimere Italic.otf"; sourceTree = "<group>"; };
		7C9512B415604CCBBB211642 /* EvilIcons.ttf */ = {isa = PBXFileReference; explicitFileType = undefined; fileEncoding = 9; includeInIndex = 0; lastKnownFileType = unknown; name = EvilIcons.ttf; path = "../node_modules/react-native-vector-icons/Fonts/EvilIcons.ttf"; sourceTree = "<group>"; };
		8098908CE1395EFA75D5491A /* libPods-influenceMeTests.a */ = {isa = PBXFileReference; explicitFileType = archive.ar; includeInIndex = 0; path = "libPods-influenceMeTests.a"; sourceTree = BUILT_PRODUCTS_DIR; };
		86B5D04F8E564DE887917AD8 /* Roboto-Light.woff */ = {isa = PBXFileReference; explicitFileType = undefined; fileEncoding = 9; includeInIndex = 0; lastKnownFileType = unknown; name = "Roboto-Light.woff"; path = "../src/assets/fonts/Roboto-Light.woff"; sourceTree = "<group>"; };
		8941438546D34DCEAC747FCC /* Foundation.ttf */ = {isa = PBXFileReference; explicitFileType = undefined; fileEncoding = 9; includeInIndex = 0; lastKnownFileType = unknown; name = Foundation.ttf; path = "../node_modules/react-native-vector-icons/Fonts/Foundation.ttf"; sourceTree = "<group>"; };
		928F5DD23F3641FB94BEDFE4 /* Octicons.ttf */ = {isa = PBXFileReference; explicitFileType = undefined; fileEncoding = 9; includeInIndex = 0; lastKnownFileType = unknown; name = Octicons.ttf; path = "../node_modules/react-native-vector-icons/Fonts/Octicons.ttf"; sourceTree = "<group>"; };
		93045BB4274D9C5893C4BAED /* Pods-influenceMe.release.xcconfig */ = {isa = PBXFileReference; includeInIndex = 1; lastKnownFileType = text.xcconfig; name = "Pods-influenceMe.release.xcconfig"; path = "Target Support Files/Pods-influenceMe/Pods-influenceMe.release.xcconfig"; sourceTree = "<group>"; };
		95A5531ED64847A1A318D9DA /* Zocial.ttf */ = {isa = PBXFileReference; explicitFileType = undefined; fileEncoding = 9; includeInIndex = 0; lastKnownFileType = unknown; name = Zocial.ttf; path = "../node_modules/react-native-vector-icons/Fonts/Zocial.ttf"; sourceTree = "<group>"; };
		95B25A8314A245A5B5F4D033 /* Feather.ttf */ = {isa = PBXFileReference; explicitFileType = undefined; fileEncoding = 9; includeInIndex = 0; lastKnownFileType = unknown; name = Feather.ttf; path = "../node_modules/react-native-vector-icons/Fonts/Feather.ttf"; sourceTree = "<group>"; };
		9F938567EB0480CE167DA81B /* libPods-influenceMe-tvOS.a */ = {isa = PBXFileReference; explicitFileType = archive.ar; includeInIndex = 0; path = "libPods-influenceMe-tvOS.a"; sourceTree = BUILT_PRODUCTS_DIR; };
		A04DDFF53A5A4110AFE7CDAE /* Esphimere Bold Italic.otf */ = {isa = PBXFileReference; explicitFileType = undefined; fileEncoding = 9; includeInIndex = 0; lastKnownFileType = unknown; name = "Esphimere Bold Italic.otf"; path = "../src/assets/fonts/Esphimere Bold Italic.otf"; sourceTree = "<group>"; };
		A3899EDF74BA4BBC8B2FFB7C /* Esphimere Light Italic.otf */ = {isa = PBXFileReference; explicitFileType = undefined; fileEncoding = 9; includeInIndex = 0; lastKnownFileType = unknown; name = "Esphimere Light Italic.otf"; path = "../src/assets/fonts/Esphimere Light Italic.otf"; sourceTree = "<group>"; };
		A587E206027C4C3DB81D3CAD /* FontAwesome5_Regular.ttf */ = {isa = PBXFileReference; explicitFileType = undefined; fileEncoding = 9; includeInIndex = 0; lastKnownFileType = unknown; name = FontAwesome5_Regular.ttf; path = "../node_modules/react-native-vector-icons/Fonts/FontAwesome5_Regular.ttf"; sourceTree = "<group>"; };
		ABBB69D938C54532A839B020 /* Esphimere Extra Light.otf */ = {isa = PBXFileReference; explicitFileType = undefined; fileEncoding = 9; includeInIndex = 0; lastKnownFileType = unknown; name = "Esphimere Extra Light.otf"; path = "../src/assets/fonts/Esphimere Extra Light.otf"; sourceTree = "<group>"; };
		AF1EE85B38A547029F957EB4 /* Entypo.ttf */ = {isa = PBXFileReference; explicitFileType = undefined; fileEncoding = 9; includeInIndex = 0; lastKnownFileType = unknown; name = Entypo.ttf; path = "../node_modules/react-native-vector-icons/Fonts/Entypo.ttf"; sourceTree = "<group>"; };
		B0F77968CA54494CB9F58132 /* Esphimere.otf */ = {isa = PBXFileReference; explicitFileType = undefined; fileEncoding = 9; includeInIndex = 0; lastKnownFileType = unknown; name = Esphimere.otf; path = ../src/assets/fonts/Esphimere.otf; sourceTree = "<group>"; };
		B4BB417D2EF14974B44A3A9E /* Fontisto.ttf */ = {isa = PBXFileReference; explicitFileType = undefined; fileEncoding = 9; includeInIndex = 0; lastKnownFileType = unknown; name = Fontisto.ttf; path = "../node_modules/react-native-vector-icons/Fonts/Fontisto.ttf"; sourceTree = "<group>"; };
		BCF00BB3E2CBBC44756D608B /* Pods-influenceMe-tvOSTests.release.xcconfig */ = {isa = PBXFileReference; includeInIndex = 1; lastKnownFileType = text.xcconfig; name = "Pods-influenceMe-tvOSTests.release.xcconfig"; path = "Target Support Files/Pods-influenceMe-tvOSTests/Pods-influenceMe-tvOSTests.release.xcconfig"; sourceTree = "<group>"; };
		CAA0ACB71E1A2282F648D252 /* Pods-influenceMe-tvOS.release.xcconfig */ = {isa = PBXFileReference; includeInIndex = 1; lastKnownFileType = text.xcconfig; name = "Pods-influenceMe-tvOS.release.xcconfig"; path = "Target Support Files/Pods-influenceMe-tvOS/Pods-influenceMe-tvOS.release.xcconfig"; sourceTree = "<group>"; };
		CE98CC5B5DAD4EAEA63904F0 /* Roboto-Thin.woff */ = {isa = PBXFileReference; explicitFileType = undefined; fileEncoding = 9; includeInIndex = 0; lastKnownFileType = unknown; name = "Roboto-Thin.woff"; path = "../src/assets/fonts/Roboto-Thin.woff"; sourceTree = "<group>"; };
		CF21DB8E7D6545F5BAD7953B /* Esphimere Semi Bold Italic.otf */ = {isa = PBXFileReference; explicitFileType = undefined; fileEncoding = 9; includeInIndex = 0; lastKnownFileType = unknown; name = "Esphimere Semi Bold Italic.otf"; path = "../src/assets/fonts/Esphimere Semi Bold Italic.otf"; sourceTree = "<group>"; };
		D438905B15865B0938ECF2E0 /* Pods-influenceMe.debug.xcconfig */ = {isa = PBXFileReference; includeInIndex = 1; lastKnownFileType = text.xcconfig; name = "Pods-influenceMe.debug.xcconfig"; path = "Target Support Files/Pods-influenceMe/Pods-influenceMe.debug.xcconfig"; sourceTree = "<group>"; };
		DD6A7963D38A7C6BE4CE8A31 /* libPods-influenceMe.a */ = {isa = PBXFileReference; explicitFileType = archive.ar; includeInIndex = 0; path = "libPods-influenceMe.a"; sourceTree = BUILT_PRODUCTS_DIR; };
		E319AC8B35E246EABCD3BBCE /* Roboto-Regular.woff */ = {isa = PBXFileReference; explicitFileType = undefined; fileEncoding = 9; includeInIndex = 0; lastKnownFileType = unknown; name = "Roboto-Regular.woff"; path = "../src/assets/fonts/Roboto-Regular.woff"; sourceTree = "<group>"; };
		E38D68CD852E487E98B2C7E3 /* Roboto-Regular.woff2 */ = {isa = PBXFileReference; explicitFileType = undefined; fileEncoding = 9; includeInIndex = 0; lastKnownFileType = unknown; name = "Roboto-Regular.woff2"; path = "../src/assets/fonts/Roboto-Regular.woff2"; sourceTree = "<group>"; };
		EA2E7F20277C427EA610488A /* FontAwesome5_Brands.ttf */ = {isa = PBXFileReference; explicitFileType = undefined; fileEncoding = 9; includeInIndex = 0; lastKnownFileType = unknown; name = FontAwesome5_Brands.ttf; path = "../node_modules/react-native-vector-icons/Fonts/FontAwesome5_Brands.ttf"; sourceTree = "<group>"; };
		ED297162215061F000B7C4FE /* JavaScriptCore.framework */ = {isa = PBXFileReference; lastKnownFileType = wrapper.framework; name = JavaScriptCore.framework; path = System/Library/Frameworks/JavaScriptCore.framework; sourceTree = SDKROOT; };
		ED2971642150620600B7C4FE /* JavaScriptCore.framework */ = {isa = PBXFileReference; lastKnownFileType = wrapper.framework; name = JavaScriptCore.framework; path = Platforms/AppleTVOS.platform/Developer/SDKs/AppleTVOS12.0.sdk/System/Library/Frameworks/JavaScriptCore.framework; sourceTree = DEVELOPER_DIR; };
		ED71F5B9535F417C878389AB /* SimpleLineIcons.ttf */ = {isa = PBXFileReference; explicitFileType = undefined; fileEncoding = 9; includeInIndex = 0; lastKnownFileType = unknown; name = SimpleLineIcons.ttf; path = "../node_modules/react-native-vector-icons/Fonts/SimpleLineIcons.ttf"; sourceTree = "<group>"; };
		FA62CE9CA7C841AF8CAD25A1 /* Esphimere_Semi_Bold.otf */ = {isa = PBXFileReference; explicitFileType = undefined; fileEncoding = 9; includeInIndex = 0; lastKnownFileType = unknown; name = Esphimere_Semi_Bold.otf; path = ../src/assets/fonts/Esphimere_Semi_Bold.otf; sourceTree = "<group>"; };
		89C6D815AF764574847C27B8 /* Esphimere-Bold.otf */ = {isa = PBXFileReference; name = "Esphimere-Bold.otf"; path = "../src/assets/fonts/Esphimere-Bold.otf"; sourceTree = "<group>"; fileEncoding = undefined; lastKnownFileType = unknown; explicitFileType = undefined; includeInIndex = 0; };
		AD73EE4B36A64682AD960DE1 /* Esphimere-BoldItalic.otf */ = {isa = PBXFileReference; name = "Esphimere-BoldItalic.otf"; path = "../src/assets/fonts/Esphimere-BoldItalic.otf"; sourceTree = "<group>"; fileEncoding = undefined; lastKnownFileType = unknown; explicitFileType = undefined; includeInIndex = 0; };
		7FFE994DB768443FBF83155A /* Esphimere-ExtraLight.otf */ = {isa = PBXFileReference; name = "Esphimere-ExtraLight.otf"; path = "../src/assets/fonts/Esphimere-ExtraLight.otf"; sourceTree = "<group>"; fileEncoding = undefined; lastKnownFileType = unknown; explicitFileType = undefined; includeInIndex = 0; };
		DCB33B8F52CA4F26B63D900F /* Esphimere-ExtraLightItalic.otf */ = {isa = PBXFileReference; name = "Esphimere-ExtraLightItalic.otf"; path = "../src/assets/fonts/Esphimere-ExtraLightItalic.otf"; sourceTree = "<group>"; fileEncoding = undefined; lastKnownFileType = unknown; explicitFileType = undefined; includeInIndex = 0; };
		B0C4FB2A112844A0B65CE89C /* Esphimere-Italic.otf */ = {isa = PBXFileReference; name = "Esphimere-Italic.otf"; path = "../src/assets/fonts/Esphimere-Italic.otf"; sourceTree = "<group>"; fileEncoding = undefined; lastKnownFileType = unknown; explicitFileType = undefined; includeInIndex = 0; };
		1CC3F460EB854D71A23D870C /* Esphimere-Light.otf */ = {isa = PBXFileReference; name = "Esphimere-Light.otf"; path = "../src/assets/fonts/Esphimere-Light.otf"; sourceTree = "<group>"; fileEncoding = undefined; lastKnownFileType = unknown; explicitFileType = undefined; includeInIndex = 0; };
		5283FA0B6AA349B2A69609E9 /* Esphimere-LightItalic.otf */ = {isa = PBXFileReference; name = "Esphimere-LightItalic.otf"; path = "../src/assets/fonts/Esphimere-LightItalic.otf"; sourceTree = "<group>"; fileEncoding = undefined; lastKnownFileType = unknown; explicitFileType = undefined; includeInIndex = 0; };
		B01C764F851244C0887E959D /* Esphimere-SemiBold.otf */ = {isa = PBXFileReference; name = "Esphimere-SemiBold.otf"; path = "../src/assets/fonts/Esphimere-SemiBold.otf"; sourceTree = "<group>"; fileEncoding = undefined; lastKnownFileType = unknown; explicitFileType = undefined; includeInIndex = 0; };
		07D76BBB937D4A0389565820 /* Esphimere-SemiBoldItalic.otf */ = {isa = PBXFileReference; name = "Esphimere-SemiBoldItalic.otf"; path = "../src/assets/fonts/Esphimere-SemiBoldItalic.otf"; sourceTree = "<group>"; fileEncoding = undefined; lastKnownFileType = unknown; explicitFileType = undefined; includeInIndex = 0; };
		E0C37A32D07C421C86B868C7 /* Esphimere-Thin.otf */ = {isa = PBXFileReference; name = "Esphimere-Thin.otf"; path = "../src/assets/fonts/Esphimere-Thin.otf"; sourceTree = "<group>"; fileEncoding = undefined; lastKnownFileType = unknown; explicitFileType = undefined; includeInIndex = 0; };
		D21E174B6F7943B7832D3121 /* Esphimere-ThinItalic.otf */ = {isa = PBXFileReference; name = "Esphimere-ThinItalic.otf"; path = "../src/assets/fonts/Esphimere-ThinItalic.otf"; sourceTree = "<group>"; fileEncoding = undefined; lastKnownFileType = unknown; explicitFileType = undefined; includeInIndex = 0; };
/* End PBXFileReference section */

/* Begin PBXFrameworksBuildPhase section */
		00E356EB1AD99517003FC87E /* Frameworks */ = {
			isa = PBXFrameworksBuildPhase;
			buildActionMask = 2147483647;
			files = (
				FA197BF5A9E933505110CD36 /* libPods-influenceMeTests.a in Frameworks */,
			);
			runOnlyForDeploymentPostprocessing = 0;
		};
		13B07F8C1A680F5B00A75B9A /* Frameworks */ = {
			isa = PBXFrameworksBuildPhase;
			buildActionMask = 2147483647;
			files = (
				BC8E96039BEFA42F7ED45963 /* libPods-influenceMe.a in Frameworks */,
			);
			runOnlyForDeploymentPostprocessing = 0;
		};
		2D02E4781E0B4A5D006451C7 /* Frameworks */ = {
			isa = PBXFrameworksBuildPhase;
			buildActionMask = 2147483647;
			files = (
				D16EC795ECDB3195A1C54943 /* libPods-influenceMe-tvOS.a in Frameworks */,
			);
			runOnlyForDeploymentPostprocessing = 0;
		};
		2D02E48D1E0B4A5D006451C7 /* Frameworks */ = {
			isa = PBXFrameworksBuildPhase;
			buildActionMask = 2147483647;
			files = (
				9E1665750BB7B6B72329F639 /* libPods-influenceMe-tvOSTests.a in Frameworks */,
			);
			runOnlyForDeploymentPostprocessing = 0;
		};
/* End PBXFrameworksBuildPhase section */

/* Begin PBXGroup section */
		00E356EF1AD99517003FC87E /* influenceMeTests */ = {
			isa = PBXGroup;
			children = (
				00E356F21AD99517003FC87E /* influenceMeTests.m */,
				00E356F01AD99517003FC87E /* Supporting Files */,
			);
			path = influenceMeTests;
			sourceTree = "<group>";
		};
		00E356F01AD99517003FC87E /* Supporting Files */ = {
			isa = PBXGroup;
			children = (
				00E356F11AD99517003FC87E /* Info.plist */,
			);
			name = "Supporting Files";
			sourceTree = "<group>";
		};
		04F6A9E222F086270013987A /* Recovered References */ = {
			isa = PBXGroup;
			children = (
			);
			name = "Recovered References";
			sourceTree = "<group>";
		};
		13B07FAE1A68108700A75B9A /* influenceMe */ = {
			isa = PBXGroup;
			children = (
				04B61D8A22EB275200189232 /* GoogleService-Info.plist */,
				008F07F21AC5B25A0029DE68 /* main.jsbundle */,
				13B07FAF1A68108700A75B9A /* AppDelegate.h */,
				13B07FB01A68108700A75B9A /* AppDelegate.m */,
				13B07FB51A68108700A75B9A /* Images.xcassets */,
				13B07FB61A68108700A75B9A /* Info.plist */,
				13B07FB11A68108700A75B9A /* LaunchScreen.xib */,
				13B07FB71A68108700A75B9A /* main.m */,
			);
			name = influenceMe;
			sourceTree = "<group>";
		};
		2D16E6871FA4F8E400B85C8A /* Frameworks */ = {
			isa = PBXGroup;
			children = (
				ED297162215061F000B7C4FE /* JavaScriptCore.framework */,
				ED2971642150620600B7C4FE /* JavaScriptCore.framework */,
				DD6A7963D38A7C6BE4CE8A31 /* libPods-influenceMe.a */,
				9F938567EB0480CE167DA81B /* libPods-influenceMe-tvOS.a */,
				0C85CEDC41D8D636171D8CBB /* libPods-influenceMe-tvOSTests.a */,
				8098908CE1395EFA75D5491A /* libPods-influenceMeTests.a */,
			);
			name = Frameworks;
			sourceTree = "<group>";
		};
		832341AE1AAA6A7D00B99B32 /* Libraries */ = {
			isa = PBXGroup;
			children = (
			);
			name = Libraries;
			sourceTree = "<group>";
		};
		83CBB9F61A601CBA00E9B192 = {
			isa = PBXGroup;
			children = (
				13B07FAE1A68108700A75B9A /* influenceMe */,
				832341AE1AAA6A7D00B99B32 /* Libraries */,
				00E356EF1AD99517003FC87E /* influenceMeTests */,
				83CBBA001A601CBA00E9B192 /* Products */,
				2D16E6871FA4F8E400B85C8A /* Frameworks */,
				AA2ABFC140290474DB69943F /* Pods */,
				04F6A9E222F086270013987A /* Recovered References */,
				DF0BD7AE365E4AB89E53DA24 /* Resources */,
			);
			indentWidth = 2;
			sourceTree = "<group>";
			tabWidth = 2;
			usesTabs = 0;
		};
		83CBBA001A601CBA00E9B192 /* Products */ = {
			isa = PBXGroup;
			children = (
				13B07F961A680F5B00A75B9A /* influenceMe.app */,
				00E356EE1AD99517003FC87E /* influenceMeTests.xctest */,
				2D02E47B1E0B4A5D006451C7 /* influenceMe-tvOS.app */,
				2D02E4901E0B4A5D006451C7 /* influenceMe-tvOSTests.xctest */,
			);
			name = Products;
			sourceTree = "<group>";
		};
		AA2ABFC140290474DB69943F /* Pods */ = {
			isa = PBXGroup;
			children = (
				D438905B15865B0938ECF2E0 /* Pods-influenceMe.debug.xcconfig */,
				93045BB4274D9C5893C4BAED /* Pods-influenceMe.release.xcconfig */,
				4D9EAE8E1915F1EE15D19F4D /* Pods-influenceMe-tvOS.debug.xcconfig */,
				CAA0ACB71E1A2282F648D252 /* Pods-influenceMe-tvOS.release.xcconfig */,
				0185E5DA975DE79311B88550 /* Pods-influenceMe-tvOSTests.debug.xcconfig */,
				BCF00BB3E2CBBC44756D608B /* Pods-influenceMe-tvOSTests.release.xcconfig */,
				01F4B663A6387BBF05C9FAD9 /* Pods-influenceMeTests.debug.xcconfig */,
				5A69D6951031F572956D9FF1 /* Pods-influenceMeTests.release.xcconfig */,
			);
			path = Pods;
			sourceTree = "<group>";
		};
		DF0BD7AE365E4AB89E53DA24 /* Resources */ = {
			isa = PBXGroup;
			children = (
				0176086F73A444DD9586E812 /* AntDesign.ttf */,
				AF1EE85B38A547029F957EB4 /* Entypo.ttf */,
				7C9512B415604CCBBB211642 /* EvilIcons.ttf */,
				95B25A8314A245A5B5F4D033 /* Feather.ttf */,
				03CE134BD331441093AEC916 /* FontAwesome.ttf */,
				EA2E7F20277C427EA610488A /* FontAwesome5_Brands.ttf */,
				A587E206027C4C3DB81D3CAD /* FontAwesome5_Regular.ttf */,
				12DB57DE7C60466B925786C5 /* FontAwesome5_Solid.ttf */,
				B4BB417D2EF14974B44A3A9E /* Fontisto.ttf */,
				8941438546D34DCEAC747FCC /* Foundation.ttf */,
				44E566D63ABA415E87DA0650 /* Ionicons.ttf */,
				132AE3AC250E4F8E88D4BA2B /* MaterialCommunityIcons.ttf */,
				3BCD39107ACE4340A732EBAA /* MaterialIcons.ttf */,
				928F5DD23F3641FB94BEDFE4 /* Octicons.ttf */,
				ED71F5B9535F417C878389AB /* SimpleLineIcons.ttf */,
				95A5531ED64847A1A318D9DA /* Zocial.ttf */,
				A04DDFF53A5A4110AFE7CDAE /* Esphimere Bold Italic.otf */,
				2AE50B18EDEE4214A9AD5265 /* Esphimere Extra Light Italic.otf */,
				ABBB69D938C54532A839B020 /* Esphimere Extra Light.otf */,
				73073E53549B4E27897FBAC0 /* Esphimere Italic.otf */,
				A3899EDF74BA4BBC8B2FFB7C /* Esphimere Light Italic.otf */,
				CF21DB8E7D6545F5BAD7953B /* Esphimere Semi Bold Italic.otf */,
				17CBBD88BB064DC494B457F5 /* Esphimere Thin Italic.otf */,
				4CF1C7A1DF9F4103B40EAFBF /* Esphimere Thin.otf */,
				59325233400542E2BB4B3208 /* Esphimere_Bold.otf */,
				368707E332BF4708A33B35F0 /* Esphimere_Light.otf */,
				FA62CE9CA7C841AF8CAD25A1 /* Esphimere_Semi_Bold.otf */,
				B0F77968CA54494CB9F58132 /* Esphimere.otf */,
				319C465BB03D4CDA9904DB13 /* Roboto-Bold.woff */,
				07DA79036525426AAC3723EA /* Roboto-Bold.woff2 */,
				86B5D04F8E564DE887917AD8 /* Roboto-Light.woff */,
				4B430A1F52FA41D2863100A3 /* Roboto-Light.woff2 */,
				49C19B1DFB4C42B5A685E2E6 /* Roboto-Medium.woff */,
				2F0E1462788A4D1287F9B56A /* Roboto-Medium.woff2 */,
				E319AC8B35E246EABCD3BBCE /* Roboto-Regular.woff */,
				E38D68CD852E487E98B2C7E3 /* Roboto-Regular.woff2 */,
				CE98CC5B5DAD4EAEA63904F0 /* Roboto-Thin.woff */,
				4D73BE208C2E4410A3A2E76C /* Roboto-Thin.woff2 */,
				89C6D815AF764574847C27B8 /* Esphimere-Bold.otf */,
				AD73EE4B36A64682AD960DE1 /* Esphimere-BoldItalic.otf */,
				7FFE994DB768443FBF83155A /* Esphimere-ExtraLight.otf */,
				DCB33B8F52CA4F26B63D900F /* Esphimere-ExtraLightItalic.otf */,
				B0C4FB2A112844A0B65CE89C /* Esphimere-Italic.otf */,
				1CC3F460EB854D71A23D870C /* Esphimere-Light.otf */,
				5283FA0B6AA349B2A69609E9 /* Esphimere-LightItalic.otf */,
				B01C764F851244C0887E959D /* Esphimere-SemiBold.otf */,
				07D76BBB937D4A0389565820 /* Esphimere-SemiBoldItalic.otf */,
				E0C37A32D07C421C86B868C7 /* Esphimere-Thin.otf */,
				D21E174B6F7943B7832D3121 /* Esphimere-ThinItalic.otf */,
			);
			name = Resources;
			sourceTree = "<group>";
		};
/* End PBXGroup section */

/* Begin PBXNativeTarget section */
		00E356ED1AD99517003FC87E /* influenceMeTests */ = {
			isa = PBXNativeTarget;
			buildConfigurationList = 00E357021AD99517003FC87E /* Build configuration list for PBXNativeTarget "influenceMeTests" */;
			buildPhases = (
				1E03C7EC8C45EC2770DCA634 /* [CP] Check Pods Manifest.lock */,
				00E356EA1AD99517003FC87E /* Sources */,
				00E356EB1AD99517003FC87E /* Frameworks */,
				00E356EC1AD99517003FC87E /* Resources */,
			);
			buildRules = (
			);
			dependencies = (
				00E356F51AD99517003FC87E /* PBXTargetDependency */,
			);
			name = influenceMeTests;
			productName = influenceMeTests;
			productReference = 00E356EE1AD99517003FC87E /* influenceMeTests.xctest */;
			productType = "com.apple.product-type.bundle.unit-test";
		};
		13B07F861A680F5B00A75B9A /* influenceMe */ = {
			isa = PBXNativeTarget;
			buildConfigurationList = 13B07F931A680F5B00A75B9A /* Build configuration list for PBXNativeTarget "influenceMe" */;
			buildPhases = (
				7E750F263405D572C61EC0DC /* [CP] Check Pods Manifest.lock */,
				FD10A7F022414F080027D42C /* Start Packager */,
				13B07F871A680F5B00A75B9A /* Sources */,
				13B07F8C1A680F5B00A75B9A /* Frameworks */,
				13B07F8E1A680F5B00A75B9A /* Resources */,
				00DD1BFF1BD5951E006B06BC /* Bundle React Native code and images */,
				A32B8717FD993DEB4E696D99 /* [CP] Copy Pods Resources */,
			);
			buildRules = (
			);
			dependencies = (
			);
			name = influenceMe;
			productName = influenceMe;
			productReference = 13B07F961A680F5B00A75B9A /* influenceMe.app */;
			productType = "com.apple.product-type.application";
		};
		2D02E47A1E0B4A5D006451C7 /* influenceMe-tvOS */ = {
			isa = PBXNativeTarget;
			buildConfigurationList = 2D02E4BA1E0B4A5E006451C7 /* Build configuration list for PBXNativeTarget "influenceMe-tvOS" */;
			buildPhases = (
				8AC56EAAF14E14AE6CE0B6C2 /* [CP] Check Pods Manifest.lock */,
				FD10A7F122414F3F0027D42C /* Start Packager */,
				2D02E4771E0B4A5D006451C7 /* Sources */,
				2D02E4781E0B4A5D006451C7 /* Frameworks */,
				2D02E4791E0B4A5D006451C7 /* Resources */,
				2D02E4CB1E0B4B27006451C7 /* Bundle React Native Code And Images */,
			);
			buildRules = (
			);
			dependencies = (
			);
			name = "influenceMe-tvOS";
			productName = "influenceMe-tvOS";
			productReference = 2D02E47B1E0B4A5D006451C7 /* influenceMe-tvOS.app */;
			productType = "com.apple.product-type.application";
		};
		2D02E48F1E0B4A5D006451C7 /* influenceMe-tvOSTests */ = {
			isa = PBXNativeTarget;
			buildConfigurationList = 2D02E4BB1E0B4A5E006451C7 /* Build configuration list for PBXNativeTarget "influenceMe-tvOSTests" */;
			buildPhases = (
				08B7E418747A479F62CFE364 /* [CP] Check Pods Manifest.lock */,
				2D02E48C1E0B4A5D006451C7 /* Sources */,
				2D02E48D1E0B4A5D006451C7 /* Frameworks */,
				2D02E48E1E0B4A5D006451C7 /* Resources */,
			);
			buildRules = (
			);
			dependencies = (
				2D02E4921E0B4A5D006451C7 /* PBXTargetDependency */,
			);
			name = "influenceMe-tvOSTests";
			productName = "influenceMe-tvOSTests";
			productReference = 2D02E4901E0B4A5D006451C7 /* influenceMe-tvOSTests.xctest */;
			productType = "com.apple.product-type.bundle.unit-test";
		};
/* End PBXNativeTarget section */

/* Begin PBXProject section */
		83CBB9F71A601CBA00E9B192 /* Project object */ = {
			isa = PBXProject;
			attributes = {
				LastUpgradeCheck = 940;
				ORGANIZATIONNAME = Facebook;
				TargetAttributes = {
					00E356ED1AD99517003FC87E = {
						CreatedOnToolsVersion = 6.2;
						TestTargetID = 13B07F861A680F5B00A75B9A;
					};
					2D02E47A1E0B4A5D006451C7 = {
						CreatedOnToolsVersion = 8.2.1;
						ProvisioningStyle = Automatic;
					};
					2D02E48F1E0B4A5D006451C7 = {
						CreatedOnToolsVersion = 8.2.1;
						ProvisioningStyle = Automatic;
						TestTargetID = 2D02E47A1E0B4A5D006451C7;
					};
				};
			};
			buildConfigurationList = 83CBB9FA1A601CBA00E9B192 /* Build configuration list for PBXProject "influenceMe" */;
			compatibilityVersion = "Xcode 3.2";
			developmentRegion = English;
			hasScannedForEncodings = 0;
			knownRegions = (
				English,
				en,
				Base,
			);
			mainGroup = 83CBB9F61A601CBA00E9B192;
			productRefGroup = 83CBBA001A601CBA00E9B192 /* Products */;
			projectDirPath = "";
			projectRoot = "";
			targets = (
				13B07F861A680F5B00A75B9A /* influenceMe */,
				00E356ED1AD99517003FC87E /* influenceMeTests */,
				2D02E47A1E0B4A5D006451C7 /* influenceMe-tvOS */,
				2D02E48F1E0B4A5D006451C7 /* influenceMe-tvOSTests */,
			);
		};
/* End PBXProject section */

/* Begin PBXResourcesBuildPhase section */
		00E356EC1AD99517003FC87E /* Resources */ = {
			isa = PBXResourcesBuildPhase;
			buildActionMask = 2147483647;
			files = (
			);
			runOnlyForDeploymentPostprocessing = 0;
		};
		13B07F8E1A680F5B00A75B9A /* Resources */ = {
			isa = PBXResourcesBuildPhase;
			buildActionMask = 2147483647;
			files = (
				13B07FBF1A68108700A75B9A /* Images.xcassets in Resources */,
				13B07FBD1A68108700A75B9A /* LaunchScreen.xib in Resources */,
				04B61D8B22EB275200189232 /* GoogleService-Info.plist in Resources */,
				B96A191267D5442D8B40EE5A /* AntDesign.ttf in Resources */,
				3A2A56E595064CCFBBAF7C7F /* Entypo.ttf in Resources */,
				BD54FAB2471D444D8831D029 /* EvilIcons.ttf in Resources */,
				E03EE5B158724BB89E4A5C40 /* Feather.ttf in Resources */,
				BB6588C2065C45CDB3155F59 /* FontAwesome.ttf in Resources */,
				9013988CC6DC4B54B67AB1FE /* FontAwesome5_Brands.ttf in Resources */,
				03A94213627B4ACF8A96C3AF /* FontAwesome5_Regular.ttf in Resources */,
				1BAE15E007A34CCE9FC0FDC9 /* FontAwesome5_Solid.ttf in Resources */,
				D5754597CE734A8ABCAF78B4 /* Fontisto.ttf in Resources */,
				5DAD7501789940A7A43A43C9 /* Foundation.ttf in Resources */,
				F9968A5D557C4A5290D992AA /* Ionicons.ttf in Resources */,
				91059D27C5B04C73BC71C1BD /* MaterialCommunityIcons.ttf in Resources */,
				75D52FFBEB8842E1837131C8 /* MaterialIcons.ttf in Resources */,
				97FFB63FDAA74DBD949D486E /* Octicons.ttf in Resources */,
				4126C8AA44474FA0BA3F17A6 /* SimpleLineIcons.ttf in Resources */,
				A33D3A4349314272A8D531E4 /* Zocial.ttf in Resources */,
				313B7397D72446D8A0A0C9EF /* Esphimere Bold Italic.otf in Resources */,
				CB2C9E0E8BAA47D194FFBF63 /* Esphimere Extra Light Italic.otf in Resources */,
				AD70A33E8B234499820CAA27 /* Esphimere Extra Light.otf in Resources */,
				CC83D8DAED05470AB2789BEC /* Esphimere Italic.otf in Resources */,
				1F12B484568F4350979B8253 /* Esphimere Light Italic.otf in Resources */,
				9EA57DEBBF6F45DC89900FF0 /* Esphimere Semi Bold Italic.otf in Resources */,
				C607E6B5E4314CD99D5176D9 /* Esphimere Thin Italic.otf in Resources */,
				3416F8F6E70B46A7A6CBC3B4 /* Esphimere Thin.otf in Resources */,
				A7F8F62363C242B09E3CFCB6 /* Esphimere_Bold.otf in Resources */,
				C5E75D27703E43FC83F68534 /* Esphimere_Light.otf in Resources */,
				B7387002C0684427BA813659 /* Esphimere_Semi_Bold.otf in Resources */,
				BA69C190D5234AE9B6EDC41A /* Esphimere.otf in Resources */,
				CC179C7131D04DA695D09255 /* Roboto-Bold.woff in Resources */,
				72CE029DC5A8443EAD359DA3 /* Roboto-Bold.woff2 in Resources */,
				8B0E7794EB614491B89E6329 /* Roboto-Light.woff in Resources */,
				1F251DBADC4B48ADB3984F87 /* Roboto-Light.woff2 in Resources */,
				364A1774FF26420CBB981EBE /* Roboto-Medium.woff in Resources */,
				E078248000E84CB4BBEAA394 /* Roboto-Medium.woff2 in Resources */,
				46632E771EAE427AA2BB55B9 /* Roboto-Regular.woff in Resources */,
				E7B7572B73114B868E7842FD /* Roboto-Regular.woff2 in Resources */,
				35895E3016F142A9A5D36F3B /* Roboto-Thin.woff in Resources */,
				FC7A763EA49C4C7EBC6B4981 /* Roboto-Thin.woff2 in Resources */,
				527EEA8D421D492D9E8E4A37 /* Esphimere-Bold.otf in Resources */,
				7B24E35E100F4289BA4CC861 /* Esphimere-BoldItalic.otf in Resources */,
				DFDF409B9E574B3696E71C25 /* Esphimere-ExtraLight.otf in Resources */,
				9953EC34DE35409FBD908AA7 /* Esphimere-ExtraLightItalic.otf in Resources */,
				C52FAB981E034BB5AA53E832 /* Esphimere-Italic.otf in Resources */,
				D88E7E32A88C447F9AA4CBA1 /* Esphimere-Light.otf in Resources */,
				7B8C886D2B32470CAAB10894 /* Esphimere-LightItalic.otf in Resources */,
				28C6979DDD4B4334ADC77955 /* Esphimere-SemiBold.otf in Resources */,
				82240547AF3746AAADE15737 /* Esphimere-SemiBoldItalic.otf in Resources */,
				B4B48616196A4FA3ABFD897F /* Esphimere-Thin.otf in Resources */,
				8D384E8A02BF4ACD8010FE1F /* Esphimere-ThinItalic.otf in Resources */,
			);
			runOnlyForDeploymentPostprocessing = 0;
		};
		2D02E4791E0B4A5D006451C7 /* Resources */ = {
			isa = PBXResourcesBuildPhase;
			buildActionMask = 2147483647;
			files = (
				2D02E4BD1E0B4A84006451C7 /* Images.xcassets in Resources */,
			);
			runOnlyForDeploymentPostprocessing = 0;
		};
		2D02E48E1E0B4A5D006451C7 /* Resources */ = {
			isa = PBXResourcesBuildPhase;
			buildActionMask = 2147483647;
			files = (
			);
			runOnlyForDeploymentPostprocessing = 0;
		};
/* End PBXResourcesBuildPhase section */

/* Begin PBXShellScriptBuildPhase section */
		00DD1BFF1BD5951E006B06BC /* Bundle React Native code and images */ = {
			isa = PBXShellScriptBuildPhase;
			buildActionMask = 2147483647;
			files = (
			);
			inputPaths = (
			);
			name = "Bundle React Native code and images";
			outputPaths = (
			);
			runOnlyForDeploymentPostprocessing = 0;
			shellPath = /bin/sh;
			shellScript = "export NODE_BINARY=node\n../node_modules/react-native/scripts/react-native-xcode.sh";
		};
		08B7E418747A479F62CFE364 /* [CP] Check Pods Manifest.lock */ = {
			isa = PBXShellScriptBuildPhase;
			buildActionMask = 2147483647;
			files = (
			);
			inputFileListPaths = (
			);
			inputPaths = (
				"${PODS_PODFILE_DIR_PATH}/Podfile.lock",
				"${PODS_ROOT}/Manifest.lock",
			);
			name = "[CP] Check Pods Manifest.lock";
			outputFileListPaths = (
			);
			outputPaths = (
				"$(DERIVED_FILE_DIR)/Pods-influenceMe-tvOSTests-checkManifestLockResult.txt",
			);
			runOnlyForDeploymentPostprocessing = 0;
			shellPath = /bin/sh;
			shellScript = "diff \"${PODS_PODFILE_DIR_PATH}/Podfile.lock\" \"${PODS_ROOT}/Manifest.lock\" > /dev/null\nif [ $? != 0 ] ; then\n    # print error to STDERR\n    echo \"error: The sandbox is not in sync with the Podfile.lock. Run 'pod install' or update your CocoaPods installation.\" >&2\n    exit 1\nfi\n# This output is used by Xcode 'outputs' to avoid re-running this script phase.\necho \"SUCCESS\" > \"${SCRIPT_OUTPUT_FILE_0}\"\n";
			showEnvVarsInLog = 0;
		};
		1E03C7EC8C45EC2770DCA634 /* [CP] Check Pods Manifest.lock */ = {
			isa = PBXShellScriptBuildPhase;
			buildActionMask = 2147483647;
			files = (
			);
			inputFileListPaths = (
			);
			inputPaths = (
				"${PODS_PODFILE_DIR_PATH}/Podfile.lock",
				"${PODS_ROOT}/Manifest.lock",
			);
			name = "[CP] Check Pods Manifest.lock";
			outputFileListPaths = (
			);
			outputPaths = (
				"$(DERIVED_FILE_DIR)/Pods-influenceMeTests-checkManifestLockResult.txt",
			);
			runOnlyForDeploymentPostprocessing = 0;
			shellPath = /bin/sh;
			shellScript = "diff \"${PODS_PODFILE_DIR_PATH}/Podfile.lock\" \"${PODS_ROOT}/Manifest.lock\" > /dev/null\nif [ $? != 0 ] ; then\n    # print error to STDERR\n    echo \"error: The sandbox is not in sync with the Podfile.lock. Run 'pod install' or update your CocoaPods installation.\" >&2\n    exit 1\nfi\n# This output is used by Xcode 'outputs' to avoid re-running this script phase.\necho \"SUCCESS\" > \"${SCRIPT_OUTPUT_FILE_0}\"\n";
			showEnvVarsInLog = 0;
		};
		2D02E4CB1E0B4B27006451C7 /* Bundle React Native Code And Images */ = {
			isa = PBXShellScriptBuildPhase;
			buildActionMask = 2147483647;
			files = (
			);
			inputPaths = (
			);
			name = "Bundle React Native Code And Images";
			outputPaths = (
			);
			runOnlyForDeploymentPostprocessing = 0;
			shellPath = /bin/sh;
			shellScript = "export NODE_BINARY=node\n../node_modules/react-native/scripts/react-native-xcode.sh";
		};
		7E750F263405D572C61EC0DC /* [CP] Check Pods Manifest.lock */ = {
			isa = PBXShellScriptBuildPhase;
			buildActionMask = 2147483647;
			files = (
			);
			inputFileListPaths = (
			);
			inputPaths = (
				"${PODS_PODFILE_DIR_PATH}/Podfile.lock",
				"${PODS_ROOT}/Manifest.lock",
			);
			name = "[CP] Check Pods Manifest.lock";
			outputFileListPaths = (
			);
			outputPaths = (
				"$(DERIVED_FILE_DIR)/Pods-influenceMe-checkManifestLockResult.txt",
			);
			runOnlyForDeploymentPostprocessing = 0;
			shellPath = /bin/sh;
			shellScript = "diff \"${PODS_PODFILE_DIR_PATH}/Podfile.lock\" \"${PODS_ROOT}/Manifest.lock\" > /dev/null\nif [ $? != 0 ] ; then\n    # print error to STDERR\n    echo \"error: The sandbox is not in sync with the Podfile.lock. Run 'pod install' or update your CocoaPods installation.\" >&2\n    exit 1\nfi\n# This output is used by Xcode 'outputs' to avoid re-running this script phase.\necho \"SUCCESS\" > \"${SCRIPT_OUTPUT_FILE_0}\"\n";
			showEnvVarsInLog = 0;
		};
		8AC56EAAF14E14AE6CE0B6C2 /* [CP] Check Pods Manifest.lock */ = {
			isa = PBXShellScriptBuildPhase;
			buildActionMask = 2147483647;
			files = (
			);
			inputFileListPaths = (
			);
			inputPaths = (
				"${PODS_PODFILE_DIR_PATH}/Podfile.lock",
				"${PODS_ROOT}/Manifest.lock",
			);
			name = "[CP] Check Pods Manifest.lock";
			outputFileListPaths = (
			);
			outputPaths = (
				"$(DERIVED_FILE_DIR)/Pods-influenceMe-tvOS-checkManifestLockResult.txt",
			);
			runOnlyForDeploymentPostprocessing = 0;
			shellPath = /bin/sh;
			shellScript = "diff \"${PODS_PODFILE_DIR_PATH}/Podfile.lock\" \"${PODS_ROOT}/Manifest.lock\" > /dev/null\nif [ $? != 0 ] ; then\n    # print error to STDERR\n    echo \"error: The sandbox is not in sync with the Podfile.lock. Run 'pod install' or update your CocoaPods installation.\" >&2\n    exit 1\nfi\n# This output is used by Xcode 'outputs' to avoid re-running this script phase.\necho \"SUCCESS\" > \"${SCRIPT_OUTPUT_FILE_0}\"\n";
			showEnvVarsInLog = 0;
		};
		A32B8717FD993DEB4E696D99 /* [CP] Copy Pods Resources */ = {
			isa = PBXShellScriptBuildPhase;
			buildActionMask = 2147483647;
			files = (
			);
			inputPaths = (
				"${PODS_ROOT}/Target Support Files/Pods-influenceMe/Pods-influenceMe-resources.sh",
				"${PODS_ROOT}/../../node_modules/react-native-vector-icons/Fonts/AntDesign.ttf",
				"${PODS_ROOT}/../../node_modules/react-native-vector-icons/Fonts/Entypo.ttf",
				"${PODS_ROOT}/../../node_modules/react-native-vector-icons/Fonts/EvilIcons.ttf",
				"${PODS_ROOT}/../../node_modules/react-native-vector-icons/Fonts/Feather.ttf",
				"${PODS_ROOT}/../../node_modules/react-native-vector-icons/Fonts/FontAwesome.ttf",
				"${PODS_ROOT}/../../node_modules/react-native-vector-icons/Fonts/FontAwesome5_Brands.ttf",
				"${PODS_ROOT}/../../node_modules/react-native-vector-icons/Fonts/FontAwesome5_Regular.ttf",
				"${PODS_ROOT}/../../node_modules/react-native-vector-icons/Fonts/FontAwesome5_Solid.ttf",
				"${PODS_ROOT}/../../node_modules/react-native-vector-icons/Fonts/Fontisto.ttf",
				"${PODS_ROOT}/../../node_modules/react-native-vector-icons/Fonts/Foundation.ttf",
				"${PODS_ROOT}/../../node_modules/react-native-vector-icons/Fonts/Ionicons.ttf",
				"${PODS_ROOT}/../../node_modules/react-native-vector-icons/Fonts/MaterialCommunityIcons.ttf",
				"${PODS_ROOT}/../../node_modules/react-native-vector-icons/Fonts/MaterialIcons.ttf",
				"${PODS_ROOT}/../../node_modules/react-native-vector-icons/Fonts/Octicons.ttf",
				"${PODS_ROOT}/../../node_modules/react-native-vector-icons/Fonts/SimpleLineIcons.ttf",
				"${PODS_ROOT}/../../node_modules/react-native-vector-icons/Fonts/Zocial.ttf",
			);
			name = "[CP] Copy Pods Resources";
			outputPaths = (
				"${TARGET_BUILD_DIR}/${UNLOCALIZED_RESOURCES_FOLDER_PATH}/AntDesign.ttf",
				"${TARGET_BUILD_DIR}/${UNLOCALIZED_RESOURCES_FOLDER_PATH}/Entypo.ttf",
				"${TARGET_BUILD_DIR}/${UNLOCALIZED_RESOURCES_FOLDER_PATH}/EvilIcons.ttf",
				"${TARGET_BUILD_DIR}/${UNLOCALIZED_RESOURCES_FOLDER_PATH}/Feather.ttf",
				"${TARGET_BUILD_DIR}/${UNLOCALIZED_RESOURCES_FOLDER_PATH}/FontAwesome.ttf",
				"${TARGET_BUILD_DIR}/${UNLOCALIZED_RESOURCES_FOLDER_PATH}/FontAwesome5_Brands.ttf",
				"${TARGET_BUILD_DIR}/${UNLOCALIZED_RESOURCES_FOLDER_PATH}/FontAwesome5_Regular.ttf",
				"${TARGET_BUILD_DIR}/${UNLOCALIZED_RESOURCES_FOLDER_PATH}/FontAwesome5_Solid.ttf",
				"${TARGET_BUILD_DIR}/${UNLOCALIZED_RESOURCES_FOLDER_PATH}/Fontisto.ttf",
				"${TARGET_BUILD_DIR}/${UNLOCALIZED_RESOURCES_FOLDER_PATH}/Foundation.ttf",
				"${TARGET_BUILD_DIR}/${UNLOCALIZED_RESOURCES_FOLDER_PATH}/Ionicons.ttf",
				"${TARGET_BUILD_DIR}/${UNLOCALIZED_RESOURCES_FOLDER_PATH}/MaterialCommunityIcons.ttf",
				"${TARGET_BUILD_DIR}/${UNLOCALIZED_RESOURCES_FOLDER_PATH}/MaterialIcons.ttf",
				"${TARGET_BUILD_DIR}/${UNLOCALIZED_RESOURCES_FOLDER_PATH}/Octicons.ttf",
				"${TARGET_BUILD_DIR}/${UNLOCALIZED_RESOURCES_FOLDER_PATH}/SimpleLineIcons.ttf",
				"${TARGET_BUILD_DIR}/${UNLOCALIZED_RESOURCES_FOLDER_PATH}/Zocial.ttf",
			);
			runOnlyForDeploymentPostprocessing = 0;
			shellPath = /bin/sh;
			shellScript = "\"${PODS_ROOT}/Target Support Files/Pods-influenceMe/Pods-influenceMe-resources.sh\"\n";
			showEnvVarsInLog = 0;
		};
		FD10A7F022414F080027D42C /* Start Packager */ = {
			isa = PBXShellScriptBuildPhase;
			buildActionMask = 2147483647;
			files = (
			);
			inputFileListPaths = (
			);
			inputPaths = (
			);
			name = "Start Packager";
			outputFileListPaths = (
			);
			outputPaths = (
			);
			runOnlyForDeploymentPostprocessing = 0;
			shellPath = /bin/sh;
			shellScript = "export RCT_METRO_PORT=\"${RCT_METRO_PORT:=8081}\"\necho \"export RCT_METRO_PORT=${RCT_METRO_PORT}\" > \"${SRCROOT}/../node_modules/react-native/scripts/.packager.env\"\nif [ -z \"${RCT_NO_LAUNCH_PACKAGER+xxx}\" ] ; then\n  if nc -w 5 -z localhost ${RCT_METRO_PORT} ; then\n    if ! curl -s \"http://localhost:${RCT_METRO_PORT}/status\" | grep -q \"packager-status:running\" ; then\n      echo \"Port ${RCT_METRO_PORT} already in use, packager is either not running or not running correctly\"\n      exit 2\n    fi\n  else\n    open \"$SRCROOT/../node_modules/react-native/scripts/launchPackager.command\" || echo \"Can't start packager automatically\"\n  fi\nfi\n";
			showEnvVarsInLog = 0;
		};
		FD10A7F122414F3F0027D42C /* Start Packager */ = {
			isa = PBXShellScriptBuildPhase;
			buildActionMask = 2147483647;
			files = (
			);
			inputFileListPaths = (
			);
			inputPaths = (
			);
			name = "Start Packager";
			outputFileListPaths = (
			);
			outputPaths = (
			);
			runOnlyForDeploymentPostprocessing = 0;
			shellPath = /bin/sh;
			shellScript = "export RCT_METRO_PORT=\"${RCT_METRO_PORT:=8081}\"\necho \"export RCT_METRO_PORT=${RCT_METRO_PORT}\" > \"${SRCROOT}/../node_modules/react-native/scripts/.packager.env\"\nif [ -z \"${RCT_NO_LAUNCH_PACKAGER+xxx}\" ] ; then\n  if nc -w 5 -z localhost ${RCT_METRO_PORT} ; then\n    if ! curl -s \"http://localhost:${RCT_METRO_PORT}/status\" | grep -q \"packager-status:running\" ; then\n      echo \"Port ${RCT_METRO_PORT} already in use, packager is either not running or not running correctly\"\n      exit 2\n    fi\n  else\n    open \"$SRCROOT/../node_modules/react-native/scripts/launchPackager.command\" || echo \"Can't start packager automatically\"\n  fi\nfi\n";
			showEnvVarsInLog = 0;
		};
/* End PBXShellScriptBuildPhase section */

/* Begin PBXSourcesBuildPhase section */
		00E356EA1AD99517003FC87E /* Sources */ = {
			isa = PBXSourcesBuildPhase;
			buildActionMask = 2147483647;
			files = (
				00E356F31AD99517003FC87E /* influenceMeTests.m in Sources */,
			);
			runOnlyForDeploymentPostprocessing = 0;
		};
		13B07F871A680F5B00A75B9A /* Sources */ = {
			isa = PBXSourcesBuildPhase;
			buildActionMask = 2147483647;
			files = (
				13B07FBC1A68108700A75B9A /* AppDelegate.m in Sources */,
				13B07FC11A68108700A75B9A /* main.m in Sources */,
			);
			runOnlyForDeploymentPostprocessing = 0;
		};
		2D02E4771E0B4A5D006451C7 /* Sources */ = {
			isa = PBXSourcesBuildPhase;
			buildActionMask = 2147483647;
			files = (
				2D02E4BF1E0B4AB3006451C7 /* main.m in Sources */,
				2D02E4BC1E0B4A80006451C7 /* AppDelegate.m in Sources */,
			);
			runOnlyForDeploymentPostprocessing = 0;
		};
		2D02E48C1E0B4A5D006451C7 /* Sources */ = {
			isa = PBXSourcesBuildPhase;
			buildActionMask = 2147483647;
			files = (
				2DCD954D1E0B4F2C00145EB5 /* influenceMeTests.m in Sources */,
			);
			runOnlyForDeploymentPostprocessing = 0;
		};
/* End PBXSourcesBuildPhase section */

/* Begin PBXTargetDependency section */
		00E356F51AD99517003FC87E /* PBXTargetDependency */ = {
			isa = PBXTargetDependency;
			target = 13B07F861A680F5B00A75B9A /* influenceMe */;
			targetProxy = 00E356F41AD99517003FC87E /* PBXContainerItemProxy */;
		};
		2D02E4921E0B4A5D006451C7 /* PBXTargetDependency */ = {
			isa = PBXTargetDependency;
			target = 2D02E47A1E0B4A5D006451C7 /* influenceMe-tvOS */;
			targetProxy = 2D02E4911E0B4A5D006451C7 /* PBXContainerItemProxy */;
		};
/* End PBXTargetDependency section */

/* Begin PBXVariantGroup section */
		13B07FB11A68108700A75B9A /* LaunchScreen.xib */ = {
			isa = PBXVariantGroup;
			children = (
				13B07FB21A68108700A75B9A /* Base */,
			);
			name = LaunchScreen.xib;
			path = influenceMe;
			sourceTree = "<group>";
		};
/* End PBXVariantGroup section */

/* Begin XCBuildConfiguration section */
		00E356F61AD99517003FC87E /* Debug */ = {
			isa = XCBuildConfiguration;
			baseConfigurationReference = 01F4B663A6387BBF05C9FAD9 /* Pods-influenceMeTests.debug.xcconfig */;
			buildSettings = {
				BUNDLE_LOADER = "$(TEST_HOST)";
				GCC_PREPROCESSOR_DEFINITIONS = (
					"DEBUG=1",
					"$(inherited)",
				);
				HEADER_SEARCH_PATHS = "$(inherited)";
				INFOPLIST_FILE = influenceMeTests/Info.plist;
				IPHONEOS_DEPLOYMENT_TARGET = 9.0;
				LD_RUNPATH_SEARCH_PATHS = "$(inherited) @executable_path/Frameworks @loader_path/Frameworks";
				LIBRARY_SEARCH_PATHS = "$(inherited)";
				OTHER_LDFLAGS = (
					"-ObjC",
					"-lc++",
					"$(inherited)",
				);
				PRODUCT_BUNDLE_IDENTIFIER = "org.reactjs.native.example.$(PRODUCT_NAME:rfc1034identifier)";
				PRODUCT_NAME = "$(TARGET_NAME)";
				TEST_HOST = "$(BUILT_PRODUCTS_DIR)/influenceMe.app/influenceMe";
			};
			name = Debug;
		};
		00E356F71AD99517003FC87E /* Release */ = {
			isa = XCBuildConfiguration;
			baseConfigurationReference = 5A69D6951031F572956D9FF1 /* Pods-influenceMeTests.release.xcconfig */;
			buildSettings = {
				BUNDLE_LOADER = "$(TEST_HOST)";
				COPY_PHASE_STRIP = NO;
				HEADER_SEARCH_PATHS = "$(inherited)";
				INFOPLIST_FILE = influenceMeTests/Info.plist;
				IPHONEOS_DEPLOYMENT_TARGET = 9.0;
				LD_RUNPATH_SEARCH_PATHS = "$(inherited) @executable_path/Frameworks @loader_path/Frameworks";
				LIBRARY_SEARCH_PATHS = "$(inherited)";
				OTHER_LDFLAGS = (
					"-ObjC",
					"-lc++",
					"$(inherited)",
				);
				PRODUCT_BUNDLE_IDENTIFIER = "org.reactjs.native.example.$(PRODUCT_NAME:rfc1034identifier)";
				PRODUCT_NAME = "$(TARGET_NAME)";
				TEST_HOST = "$(BUILT_PRODUCTS_DIR)/influenceMe.app/influenceMe";
			};
			name = Release;
		};
		13B07F941A680F5B00A75B9A /* Debug */ = {
			isa = XCBuildConfiguration;
			baseConfigurationReference = D438905B15865B0938ECF2E0 /* Pods-influenceMe.debug.xcconfig */;
			buildSettings = {
				ASSETCATALOG_COMPILER_APPICON_NAME = AppIcon;
				CURRENT_PROJECT_VERSION = 1;
				DEAD_CODE_STRIPPING = NO;
				DEVELOPMENT_TEAM = "";
				HEADER_SEARCH_PATHS = "$(inherited)";
				INFOPLIST_FILE = influenceMe/Info.plist;
				LD_RUNPATH_SEARCH_PATHS = "$(inherited) @executable_path/Frameworks";
				OTHER_LDFLAGS = (
					"$(inherited)",
					"-ObjC",
					"-lc++",
				);
				PRODUCT_BUNDLE_IDENTIFIER = org.reactjs.native.example.influenceMe;
				PRODUCT_NAME = influenceMe;
				VERSIONING_SYSTEM = "apple-generic";
			};
			name = Debug;
		};
		13B07F951A680F5B00A75B9A /* Release */ = {
			isa = XCBuildConfiguration;
			baseConfigurationReference = 93045BB4274D9C5893C4BAED /* Pods-influenceMe.release.xcconfig */;
			buildSettings = {
				ASSETCATALOG_COMPILER_APPICON_NAME = AppIcon;
				CURRENT_PROJECT_VERSION = 1;
				DEVELOPMENT_TEAM = "";
				HEADER_SEARCH_PATHS = "$(inherited)";
				INFOPLIST_FILE = influenceMe/Info.plist;
				LD_RUNPATH_SEARCH_PATHS = "$(inherited) @executable_path/Frameworks";
				OTHER_LDFLAGS = (
					"$(inherited)",
					"-ObjC",
					"-lc++",
				);
				PRODUCT_BUNDLE_IDENTIFIER = org.reactjs.native.example.influenceMe;
				PRODUCT_NAME = influenceMe;
				VERSIONING_SYSTEM = "apple-generic";
			};
			name = Release;
		};
		2D02E4971E0B4A5E006451C7 /* Debug */ = {
			isa = XCBuildConfiguration;
			baseConfigurationReference = 4D9EAE8E1915F1EE15D19F4D /* Pods-influenceMe-tvOS.debug.xcconfig */;
			buildSettings = {
				ASSETCATALOG_COMPILER_APPICON_NAME = "App Icon & Top Shelf Image";
				CLANG_ANALYZER_NONNULL = YES;
				CLANG_WARN_DOCUMENTATION_COMMENTS = YES;
				CLANG_WARN_INFINITE_RECURSION = YES;
				CLANG_WARN_SUSPICIOUS_MOVE = YES;
				DEBUG_INFORMATION_FORMAT = dwarf;
				ENABLE_TESTABILITY = YES;
				GCC_NO_COMMON_BLOCKS = YES;
				HEADER_SEARCH_PATHS = "$(inherited)";
				INFOPLIST_FILE = "influenceMe-tvOS/Info.plist";
				LD_RUNPATH_SEARCH_PATHS = "$(inherited) @executable_path/Frameworks";
				LIBRARY_SEARCH_PATHS = "$(inherited)";
				OTHER_LDFLAGS = (
					"$(inherited)",
					"-ObjC",
					"-lc++",
				);
				PRODUCT_BUNDLE_IDENTIFIER = "com.facebook.REACT.influenceMe-tvOS";
				PRODUCT_NAME = "$(TARGET_NAME)";
				SDKROOT = appletvos;
				TARGETED_DEVICE_FAMILY = 3;
				TVOS_DEPLOYMENT_TARGET = 9.2;
			};
			name = Debug;
		};
		2D02E4981E0B4A5E006451C7 /* Release */ = {
			isa = XCBuildConfiguration;
			baseConfigurationReference = CAA0ACB71E1A2282F648D252 /* Pods-influenceMe-tvOS.release.xcconfig */;
			buildSettings = {
				ASSETCATALOG_COMPILER_APPICON_NAME = "App Icon & Top Shelf Image";
				CLANG_ANALYZER_NONNULL = YES;
				CLANG_WARN_DOCUMENTATION_COMMENTS = YES;
				CLANG_WARN_INFINITE_RECURSION = YES;
				CLANG_WARN_SUSPICIOUS_MOVE = YES;
				COPY_PHASE_STRIP = NO;
				DEBUG_INFORMATION_FORMAT = "dwarf-with-dsym";
				GCC_NO_COMMON_BLOCKS = YES;
				HEADER_SEARCH_PATHS = "$(inherited)";
				INFOPLIST_FILE = "influenceMe-tvOS/Info.plist";
				LD_RUNPATH_SEARCH_PATHS = "$(inherited) @executable_path/Frameworks";
				LIBRARY_SEARCH_PATHS = "$(inherited)";
				OTHER_LDFLAGS = (
					"$(inherited)",
					"-ObjC",
					"-lc++",
				);
				PRODUCT_BUNDLE_IDENTIFIER = "com.facebook.REACT.influenceMe-tvOS";
				PRODUCT_NAME = "$(TARGET_NAME)";
				SDKROOT = appletvos;
				TARGETED_DEVICE_FAMILY = 3;
				TVOS_DEPLOYMENT_TARGET = 9.2;
			};
			name = Release;
		};
		2D02E4991E0B4A5E006451C7 /* Debug */ = {
			isa = XCBuildConfiguration;
			baseConfigurationReference = 0185E5DA975DE79311B88550 /* Pods-influenceMe-tvOSTests.debug.xcconfig */;
			buildSettings = {
				BUNDLE_LOADER = "$(TEST_HOST)";
				CLANG_ANALYZER_NONNULL = YES;
				CLANG_WARN_DOCUMENTATION_COMMENTS = YES;
				CLANG_WARN_INFINITE_RECURSION = YES;
				CLANG_WARN_SUSPICIOUS_MOVE = YES;
				DEBUG_INFORMATION_FORMAT = dwarf;
				ENABLE_TESTABILITY = YES;
				GCC_NO_COMMON_BLOCKS = YES;
				HEADER_SEARCH_PATHS = "$(inherited)";
				INFOPLIST_FILE = "influenceMe-tvOSTests/Info.plist";
				LD_RUNPATH_SEARCH_PATHS = "$(inherited) @executable_path/Frameworks @loader_path/Frameworks";
				LIBRARY_SEARCH_PATHS = "$(inherited)";
				OTHER_LDFLAGS = (
					"$(inherited)",
					"-ObjC",
					"-lc++",
				);
				PRODUCT_BUNDLE_IDENTIFIER = "com.facebook.REACT.influenceMe-tvOSTests";
				PRODUCT_NAME = "$(TARGET_NAME)";
				SDKROOT = appletvos;
				TEST_HOST = "$(BUILT_PRODUCTS_DIR)/influenceMe-tvOS.app/influenceMe-tvOS";
				TVOS_DEPLOYMENT_TARGET = 10.1;
			};
			name = Debug;
		};
		2D02E49A1E0B4A5E006451C7 /* Release */ = {
			isa = XCBuildConfiguration;
			baseConfigurationReference = BCF00BB3E2CBBC44756D608B /* Pods-influenceMe-tvOSTests.release.xcconfig */;
			buildSettings = {
				BUNDLE_LOADER = "$(TEST_HOST)";
				CLANG_ANALYZER_NONNULL = YES;
				CLANG_WARN_DOCUMENTATION_COMMENTS = YES;
				CLANG_WARN_INFINITE_RECURSION = YES;
				CLANG_WARN_SUSPICIOUS_MOVE = YES;
				COPY_PHASE_STRIP = NO;
				DEBUG_INFORMATION_FORMAT = "dwarf-with-dsym";
				GCC_NO_COMMON_BLOCKS = YES;
				HEADER_SEARCH_PATHS = "$(inherited)";
				INFOPLIST_FILE = "influenceMe-tvOSTests/Info.plist";
				LD_RUNPATH_SEARCH_PATHS = "$(inherited) @executable_path/Frameworks @loader_path/Frameworks";
				LIBRARY_SEARCH_PATHS = "$(inherited)";
				OTHER_LDFLAGS = (
					"$(inherited)",
					"-ObjC",
					"-lc++",
				);
				PRODUCT_BUNDLE_IDENTIFIER = "com.facebook.REACT.influenceMe-tvOSTests";
				PRODUCT_NAME = "$(TARGET_NAME)";
				SDKROOT = appletvos;
				TEST_HOST = "$(BUILT_PRODUCTS_DIR)/influenceMe-tvOS.app/influenceMe-tvOS";
				TVOS_DEPLOYMENT_TARGET = 10.1;
			};
			name = Release;
		};
		83CBBA201A601CBA00E9B192 /* Debug */ = {
			isa = XCBuildConfiguration;
			buildSettings = {
				ALWAYS_SEARCH_USER_PATHS = NO;
				CLANG_CXX_LANGUAGE_STANDARD = "gnu++0x";
				CLANG_CXX_LIBRARY = "libc++";
				CLANG_ENABLE_MODULES = YES;
				CLANG_ENABLE_OBJC_ARC = YES;
				CLANG_WARN_BLOCK_CAPTURE_AUTORELEASING = YES;
				CLANG_WARN_BOOL_CONVERSION = YES;
				CLANG_WARN_COMMA = YES;
				CLANG_WARN_CONSTANT_CONVERSION = YES;
				CLANG_WARN_DEPRECATED_OBJC_IMPLEMENTATIONS = YES;
				CLANG_WARN_DIRECT_OBJC_ISA_USAGE = YES_ERROR;
				CLANG_WARN_EMPTY_BODY = YES;
				CLANG_WARN_ENUM_CONVERSION = YES;
				CLANG_WARN_INFINITE_RECURSION = YES;
				CLANG_WARN_INT_CONVERSION = YES;
				CLANG_WARN_NON_LITERAL_NULL_CONVERSION = YES;
				CLANG_WARN_OBJC_IMPLICIT_RETAIN_SELF = YES;
				CLANG_WARN_OBJC_LITERAL_CONVERSION = YES;
				CLANG_WARN_OBJC_ROOT_CLASS = YES_ERROR;
				CLANG_WARN_RANGE_LOOP_ANALYSIS = YES;
				CLANG_WARN_STRICT_PROTOTYPES = YES;
				CLANG_WARN_SUSPICIOUS_MOVE = YES;
				CLANG_WARN_UNREACHABLE_CODE = YES;
				CLANG_WARN__DUPLICATE_METHOD_MATCH = YES;
				"CODE_SIGN_IDENTITY[sdk=iphoneos*]" = "iPhone Developer";
				COPY_PHASE_STRIP = NO;
				ENABLE_STRICT_OBJC_MSGSEND = YES;
				ENABLE_TESTABILITY = YES;
				GCC_C_LANGUAGE_STANDARD = gnu99;
				GCC_DYNAMIC_NO_PIC = NO;
				GCC_NO_COMMON_BLOCKS = YES;
				GCC_OPTIMIZATION_LEVEL = 0;
				GCC_PREPROCESSOR_DEFINITIONS = (
					"DEBUG=1",
					"$(inherited)",
				);
				GCC_SYMBOLS_PRIVATE_EXTERN = NO;
				GCC_WARN_64_TO_32_BIT_CONVERSION = YES;
				GCC_WARN_ABOUT_RETURN_TYPE = YES_ERROR;
				GCC_WARN_UNDECLARED_SELECTOR = YES;
				GCC_WARN_UNINITIALIZED_AUTOS = YES_AGGRESSIVE;
				GCC_WARN_UNUSED_FUNCTION = YES;
				GCC_WARN_UNUSED_VARIABLE = YES;
				IPHONEOS_DEPLOYMENT_TARGET = 9.0;
				MTL_ENABLE_DEBUG_INFO = YES;
				ONLY_ACTIVE_ARCH = YES;
				SDKROOT = iphoneos;
			};
			name = Debug;
		};
		83CBBA211A601CBA00E9B192 /* Release */ = {
			isa = XCBuildConfiguration;
			buildSettings = {
				ALWAYS_SEARCH_USER_PATHS = NO;
				CLANG_CXX_LANGUAGE_STANDARD = "gnu++0x";
				CLANG_CXX_LIBRARY = "libc++";
				CLANG_ENABLE_MODULES = YES;
				CLANG_ENABLE_OBJC_ARC = YES;
				CLANG_WARN_BLOCK_CAPTURE_AUTORELEASING = YES;
				CLANG_WARN_BOOL_CONVERSION = YES;
				CLANG_WARN_COMMA = YES;
				CLANG_WARN_CONSTANT_CONVERSION = YES;
				CLANG_WARN_DEPRECATED_OBJC_IMPLEMENTATIONS = YES;
				CLANG_WARN_DIRECT_OBJC_ISA_USAGE = YES_ERROR;
				CLANG_WARN_EMPTY_BODY = YES;
				CLANG_WARN_ENUM_CONVERSION = YES;
				CLANG_WARN_INFINITE_RECURSION = YES;
				CLANG_WARN_INT_CONVERSION = YES;
				CLANG_WARN_NON_LITERAL_NULL_CONVERSION = YES;
				CLANG_WARN_OBJC_IMPLICIT_RETAIN_SELF = YES;
				CLANG_WARN_OBJC_LITERAL_CONVERSION = YES;
				CLANG_WARN_OBJC_ROOT_CLASS = YES_ERROR;
				CLANG_WARN_RANGE_LOOP_ANALYSIS = YES;
				CLANG_WARN_STRICT_PROTOTYPES = YES;
				CLANG_WARN_SUSPICIOUS_MOVE = YES;
				CLANG_WARN_UNREACHABLE_CODE = YES;
				CLANG_WARN__DUPLICATE_METHOD_MATCH = YES;
				"CODE_SIGN_IDENTITY[sdk=iphoneos*]" = "iPhone Developer";
				COPY_PHASE_STRIP = YES;
				ENABLE_NS_ASSERTIONS = NO;
				ENABLE_STRICT_OBJC_MSGSEND = YES;
				GCC_C_LANGUAGE_STANDARD = gnu99;
				GCC_NO_COMMON_BLOCKS = YES;
				GCC_WARN_64_TO_32_BIT_CONVERSION = YES;
				GCC_WARN_ABOUT_RETURN_TYPE = YES_ERROR;
				GCC_WARN_UNDECLARED_SELECTOR = YES;
				GCC_WARN_UNINITIALIZED_AUTOS = YES_AGGRESSIVE;
				GCC_WARN_UNUSED_FUNCTION = YES;
				GCC_WARN_UNUSED_VARIABLE = YES;
				IPHONEOS_DEPLOYMENT_TARGET = 9.0;
				MTL_ENABLE_DEBUG_INFO = NO;
				SDKROOT = iphoneos;
				VALIDATE_PRODUCT = YES;
			};
			name = Release;
		};
/* End XCBuildConfiguration section */

/* Begin XCConfigurationList section */
		00E357021AD99517003FC87E /* Build configuration list for PBXNativeTarget "influenceMeTests" */ = {
			isa = XCConfigurationList;
			buildConfigurations = (
				00E356F61AD99517003FC87E /* Debug */,
				00E356F71AD99517003FC87E /* Release */,
			);
			defaultConfigurationIsVisible = 0;
			defaultConfigurationName = Release;
		};
		13B07F931A680F5B00A75B9A /* Build configuration list for PBXNativeTarget "influenceMe" */ = {
			isa = XCConfigurationList;
			buildConfigurations = (
				13B07F941A680F5B00A75B9A /* Debug */,
				13B07F951A680F5B00A75B9A /* Release */,
			);
			defaultConfigurationIsVisible = 0;
			defaultConfigurationName = Release;
		};
		2D02E4BA1E0B4A5E006451C7 /* Build configuration list for PBXNativeTarget "influenceMe-tvOS" */ = {
			isa = XCConfigurationList;
			buildConfigurations = (
				2D02E4971E0B4A5E006451C7 /* Debug */,
				2D02E4981E0B4A5E006451C7 /* Release */,
			);
			defaultConfigurationIsVisible = 0;
			defaultConfigurationName = Release;
		};
		2D02E4BB1E0B4A5E006451C7 /* Build configuration list for PBXNativeTarget "influenceMe-tvOSTests" */ = {
			isa = XCConfigurationList;
			buildConfigurations = (
				2D02E4991E0B4A5E006451C7 /* Debug */,
				2D02E49A1E0B4A5E006451C7 /* Release */,
			);
			defaultConfigurationIsVisible = 0;
			defaultConfigurationName = Release;
		};
		83CBB9FA1A601CBA00E9B192 /* Build configuration list for PBXProject "influenceMe" */ = {
			isa = XCConfigurationList;
			buildConfigurations = (
				83CBBA201A601CBA00E9B192 /* Debug */,
				83CBBA211A601CBA00E9B192 /* Release */,
			);
			defaultConfigurationIsVisible = 0;
			defaultConfigurationName = Release;
		};
/* End XCConfigurationList section */
	};
	rootObject = 83CBB9F71A601CBA00E9B192 /* Project object */;
}
